
Microsoft Visual Studio Solution File, Format Version 12.00
# Visual Studio Version 17
VisualStudioVersion = 17.10.34928.147
MinimumVisualStudioVersion = 10.0.40219.1
Project("{8BC9CEB8-8B4A-11D0-8D11-00A0C91BC942}") = "PrimeFactor", "PrimeFactor\PrimeFactor.vcxproj", "{1B978093-E1CB-4BD5-9803-8D29D7DA01F9}"
EndProject
Project("{8BC9CEB8-8B4A-11D0-8D11-00A0C91BC942}") = "prime_factors-test", "prime_factors-test\prime_factors-test.vcxproj", "{C4DA35E2-24C2-45DB-A5CC-79D62EEE11BD}"
EndProject
Project("{2150E333-8FDC-42A3-9474-1A3956D46DE8}") = "솔루션 항목", "솔루션 항목", "{AED6DC10-4597-4B21-AE3D-953E0B11C006}"
	ProjectSection(SolutionItems) = preProject
		.editorconfig = .editorconfig
		.gitignore = .gitignore
		README.md = README.md
	EndProjectSection
EndProject
Global
	GlobalSection(SolutionConfigurationPlatforms) = preSolution
		Debug|x64 = Debug|x64
		Debug|x86 = Debug|x86
		Release|x64 = Release|x64
		Release|x86 = Release|x86
	EndGlobalSection
	GlobalSection(ProjectConfigurationPlatforms) = postSolution
		{1B978093-E1CB-4BD5-9803-8D29D7DA01F9}.Debug|x64.ActiveCfg = Debug|x64
		{1B978093-E1CB-4BD5-9803-8D29D7DA01F9}.Debug|x64.Build.0 = Debug|x64
		{1B978093-E1CB-4BD5-9803-8D29D7DA01F9}.Debug|x86.ActiveCfg = Debug|Win32
		{1B978093-E1CB-4BD5-9803-8D29D7DA01F9}.Debug|x86.Build.0 = Debug|Win32
		{1B978093-E1CB-4BD5-9803-8D29D7DA01F9}.Release|x64.ActiveCfg = Release|x64
		{1B978093-E1CB-4BD5-9803-8D29D7DA01F9}.Release|x64.Build.0 = Release|x64
		{1B978093-E1CB-4BD5-9803-8D29D7DA01F9}.Release|x86.ActiveCfg = Release|Win32
		{1B978093-E1CB-4BD5-9803-8D29D7DA01F9}.Release|x86.Build.0 = Release|Win32
		{C4DA35E2-24C2-45DB-A5CC-79D62EEE11BD}.Debug|x64.ActiveCfg = Debug|x64
		{C4DA35E2-24C2-45DB-A5CC-79D62EEE11BD}.Debug|x64.Build.0 = Debug|x64
		{C4DA35E2-24C2-45DB-A5CC-79D62EEE11BD}.Debug|x86.ActiveCfg = Debug|Win32
		{C4DA35E2-24C2-45DB-A5CC-79D62EEE11BD}.Debug|x86.Build.0 = Debug|Win32
		{C4DA35E2-24C2-45DB-A5CC-79D62EEE11BD}.Release|x64.ActiveCfg = Release|x64
		{C4DA35E2-24C2-45DB-A5CC-79D62EEE11BD}.Release|x64.Build.0 = Release|x64
		{C4DA35E2-24C2-45DB-A5CC-79D62EEE11BD}.Release|x86.ActiveCfg = Release|Win32
		{C4DA35E2-24C2-45DB-A5CC-79D62EEE11BD}.Release|x86.Build.0 = Release|Win32
	EndGlobalSection
	GlobalSection(SolutionProperties) = preSolution
		HideSolutionNode = FALSE
	EndGlobalSection
	GlobalSection(ExtensibilityGlobals) = postSolution
		SolutionGuid = {1A6E3E0E-95D5-4CB7-9F0F-2FF7D5E6C29B}
	EndGlobalSection
EndGlobal
